
Microsoft Visual Studio Solution File, Format Version 12.00
# Visual Studio 14
VisualStudioVersion = 14.0.25420.1
MinimumVisualStudioVersion = 10.0.40219.1
Project("{FAE04EC0-301F-11D3-BF4B-00C04F79EFBC}") = "CloudPlatformMP3", "CloudPlatformMP3\CloudPlatformMP3.csproj", "{17DC331D-BA8F-450D-A0B4-E136B6407125}"
EndProject
Project("{FAE04EC0-301F-11D3-BF4B-00C04F79EFBC}") = "MP3-WebJob", "MP3-WebJob\MP3-WebJob.csproj", "{82A54176-3FAF-4900-AD20-15AF0F242B92}"
EndProject
Global
	GlobalSection(SolutionConfigurationPlatforms) = preSolution
		Debug|Any CPU = Debug|Any CPU
		Release|Any CPU = Release|Any CPU
	EndGlobalSection
	GlobalSection(ProjectConfigurationPlatforms) = postSolution
		{17DC331D-BA8F-450D-A0B4-E136B6407125}.Debug|Any CPU.ActiveCfg = Debug|Any CPU
		{17DC331D-BA8F-450D-A0B4-E136B6407125}.Debug|Any CPU.Build.0 = Debug|Any CPU
		{17DC331D-BA8F-450D-A0B4-E136B6407125}.Release|Any CPU.ActiveCfg = Release|Any CPU
		{17DC331D-BA8F-450D-A0B4-E136B6407125}.Release|Any CPU.Build.0 = Release|Any CPU
		{82A54176-3FAF-4900-AD20-15AF0F242B92}.Debug|Any CPU.ActiveCfg = Debug|Any CPU
		{82A54176-3FAF-4900-AD20-15AF0F242B92}.Debug|Any CPU.Build.0 = Debug|Any CPU
		{82A54176-3FAF-4900-AD20-15AF0F242B92}.Release|Any CPU.ActiveCfg = Release|Any CPU
		{82A54176-3FAF-4900-AD20-15AF0F242B92}.Release|Any CPU.Build.0 = Release|Any CPU
	EndGlobalSection
	GlobalSection(SolutionProperties) = preSolution
		HideSolutionNode = FALSE
	EndGlobalSection
EndGlobal
